
Microsoft Visual Studio Solution File, Format Version 12.00
# Visual Studio Version 16
VisualStudioVersion = 16.0.32228.343
MinimumVisualStudioVersion = 10.0.40219.1
Project("{FAE04EC0-301F-11D3-BF4B-00C04F79EFBC}") = "Personel_Kayit", "Personel_Kayit\Personel_Kayit.csproj", "{C6F03535-287B-4A8F-9346-CDCAC1D76256}"
EndProject
Global
	GlobalSection(SolutionConfigurationPlatforms) = preSolution
		Debug|Any CPU = Debug|Any CPU
		Release|Any CPU = Release|Any CPU
	EndGlobalSection
	GlobalSection(ProjectConfigurationPlatforms) = postSolution
		{C6F03535-287B-4A8F-9346-CDCAC1D76256}.Debug|Any CPU.ActiveCfg = Debug|Any CPU
		{C6F03535-287B-4A8F-9346-CDCAC1D76256}.Debug|Any CPU.Build.0 = Debug|Any CPU
		{C6F03535-287B-4A8F-9346-CDCAC1D76256}.Release|Any CPU.ActiveCfg = Release|Any CPU
		{C6F03535-287B-4A8F-9346-CDCAC1D76256}.Release|Any CPU.Build.0 = Release|Any CPU
	EndGlobalSection
	GlobalSection(SolutionProperties) = preSolution
		HideSolutionNode = FALSE
	EndGlobalSection
	GlobalSection(ExtensibilityGlobals) = postSolution
		SolutionGuid = {2E0ADA8D-11F0-4A6E-B59C-C6D5FC92039B}
	EndGlobalSection
EndGlobal
